
Microsoft Visual Studio Solution File, Format Version 12.00
# Visual Studio Version 17
VisualStudioVersion = 17.13.35605.110 d17.13
MinimumVisualStudioVersion = 10.0.40219.1
Project("{FAE04EC0-301F-11D3-BF4B-00C04F79EFBC}") = "AuthKey", "AuthKey\AuthKey.csproj", "{0AE4A0CE-2530-4D23-83D0-1227943E2820}"
EndProject
Project("{FAE04EC0-301F-11D3-BF4B-00C04F79EFBC}") = "Byte_to_Base64", "Byte_Base64\Byte_to_Base64.csproj", "{7C9DF3E0-2115-43BA-8BAA-472BF18AED9A}"
EndProject
Project("{FAE04EC0-301F-11D3-BF4B-00C04F79EFBC}") = "Base64_to_Byte", "Base64_Byte\Base64_to_Byte.csproj", "{EC568FF7-270B-43BE-99ED-C125D2F831C3}"
EndProject
Global
	GlobalSection(SolutionConfigurationPlatforms) = preSolution
		Debug|Any CPU = Debug|Any CPU
		Release|Any CPU = Release|Any CPU
	EndGlobalSection
	GlobalSection(ProjectConfigurationPlatforms) = postSolution
		{0AE4A0CE-2530-4D23-83D0-1227943E2820}.Debug|Any CPU.ActiveCfg = Debug|Any CPU
		{0AE4A0CE-2530-4D23-83D0-1227943E2820}.Debug|Any CPU.Build.0 = Debug|Any CPU
		{0AE4A0CE-2530-4D23-83D0-1227943E2820}.Release|Any CPU.ActiveCfg = Release|Any CPU
		{0AE4A0CE-2530-4D23-83D0-1227943E2820}.Release|Any CPU.Build.0 = Release|Any CPU
		{7C9DF3E0-2115-43BA-8BAA-472BF18AED9A}.Debug|Any CPU.ActiveCfg = Debug|Any CPU
		{7C9DF3E0-2115-43BA-8BAA-472BF18AED9A}.Debug|Any CPU.Build.0 = Debug|Any CPU
		{7C9DF3E0-2115-43BA-8BAA-472BF18AED9A}.Release|Any CPU.ActiveCfg = Release|Any CPU
		{7C9DF3E0-2115-43BA-8BAA-472BF18AED9A}.Release|Any CPU.Build.0 = Release|Any CPU
		{EC568FF7-270B-43BE-99ED-C125D2F831C3}.Debug|Any CPU.ActiveCfg = Debug|Any CPU
		{EC568FF7-270B-43BE-99ED-C125D2F831C3}.Debug|Any CPU.Build.0 = Debug|Any CPU
		{EC568FF7-270B-43BE-99ED-C125D2F831C3}.Release|Any CPU.ActiveCfg = Release|Any CPU
		{EC568FF7-270B-43BE-99ED-C125D2F831C3}.Release|Any CPU.Build.0 = Release|Any CPU
	EndGlobalSection
	GlobalSection(SolutionProperties) = preSolution
		HideSolutionNode = FALSE
	EndGlobalSection
	GlobalSection(ExtensibilityGlobals) = postSolution
		SolutionGuid = {28388139-FE6D-40BE-A6E0-053D994D4987}
	EndGlobalSection
EndGlobal
